
Microsoft Visual Studio Solution File, Format Version 12.00
# Visual Studio Version 17
VisualStudioVersion = 17.7.34031.279
MinimumVisualStudioVersion = 10.0.40219.1
Project("{9A19103F-16F7-4668-BE54-9A1E7A4F7556}") = "InventorySystem", "InventorySystem.csproj", "{0B7AF2DB-C446-48D3-BD2A-3A2D22D75F9F}"
EndProject
Global
	GlobalSection(SolutionConfigurationPlatforms) = preSolution
		Debug|Any CPU = Debug|Any CPU
		Release|Any CPU = Release|Any CPU
	EndGlobalSection
	GlobalSection(ProjectConfigurationPlatforms) = postSolution
		{0B7AF2DB-C446-48D3-BD2A-3A2D22D75F9F}.Debug|Any CPU.ActiveCfg = Debug|Any CPU
		{0B7AF2DB-C446-48D3-BD2A-3A2D22D75F9F}.Debug|Any CPU.Build.0 = Debug|Any CPU
		{0B7AF2DB-C446-48D3-BD2A-3A2D22D75F9F}.Release|Any CPU.ActiveCfg = Release|Any CPU
		{0B7AF2DB-C446-48D3-BD2A-3A2D22D75F9F}.Release|Any CPU.Build.0 = Release|Any CPU
	EndGlobalSection
	GlobalSection(SolutionProperties) = preSolution
		HideSolutionNode = FALSE
	EndGlobalSection
	GlobalSection(ExtensibilityGlobals) = postSolution
		SolutionGuid = {10365160-23B3-4E09-8924-7C9FA3FBFE45}
	EndGlobalSection
EndGlobal
